
Microsoft Visual Studio Solution File, Format Version 12.00
# Visual Studio Version 16
VisualStudioVersion = 16.0.30114.105
MinimumVisualStudioVersion = 10.0.40219.1
Project("{FAE04EC0-301F-11D3-BF4B-00C04F79EFBC}") = "Avalonia.AXAML.LanguageServer", "Avalonia.AXAML.LanguageServer\Avalonia.AXAML.LanguageServer.csproj", "{603EB43A-E495-43F7-ACBC-6E0170F35441}"
EndProject
Project("{FAE04EC0-301F-11D3-BF4B-00C04F79EFBC}") = "Avalonia.Ide.CompletionEngine", "Avalonia.Ide.CompletionEngine\Avalonia.Ide.CompletionEngine.csproj", "{DC47CFF9-9811-4751-8589-3B06B62851A9}"
EndProject
Project("{FAE04EC0-301F-11D3-BF4B-00C04F79EFBC}") = "Avalonia.Ide.CompletionEngine.DnlibMetadataProvider", "Avalonia.Ide.CompletionEngine.DnlibMetadataProvider\Avalonia.Ide.CompletionEngine.DnlibMetadataProvider.csproj", "{5FBC3652-C03D-40B9-8F97-B82BF45E882E}"
EndProject
Global
	GlobalSection(SolutionConfigurationPlatforms) = preSolution
		Debug|Any CPU = Debug|Any CPU
		Release|Any CPU = Release|Any CPU
	EndGlobalSection
	GlobalSection(SolutionProperties) = preSolution
		HideSolutionNode = FALSE
	EndGlobalSection
	GlobalSection(ProjectConfigurationPlatforms) = postSolution
		{603EB43A-E495-43F7-ACBC-6E0170F35441}.Debug|Any CPU.ActiveCfg = Debug|Any CPU
		{603EB43A-E495-43F7-ACBC-6E0170F35441}.Debug|Any CPU.Build.0 = Debug|Any CPU
		{603EB43A-E495-43F7-ACBC-6E0170F35441}.Release|Any CPU.ActiveCfg = Release|Any CPU
		{603EB43A-E495-43F7-ACBC-6E0170F35441}.Release|Any CPU.Build.0 = Release|Any CPU
		{DC47CFF9-9811-4751-8589-3B06B62851A9}.Debug|Any CPU.ActiveCfg = Debug|Any CPU
		{DC47CFF9-9811-4751-8589-3B06B62851A9}.Debug|Any CPU.Build.0 = Debug|Any CPU
		{DC47CFF9-9811-4751-8589-3B06B62851A9}.Release|Any CPU.ActiveCfg = Release|Any CPU
		{DC47CFF9-9811-4751-8589-3B06B62851A9}.Release|Any CPU.Build.0 = Release|Any CPU
		{5FBC3652-C03D-40B9-8F97-B82BF45E882E}.Debug|Any CPU.ActiveCfg = Debug|Any CPU
		{5FBC3652-C03D-40B9-8F97-B82BF45E882E}.Debug|Any CPU.Build.0 = Debug|Any CPU
		{5FBC3652-C03D-40B9-8F97-B82BF45E882E}.Release|Any CPU.ActiveCfg = Release|Any CPU
		{5FBC3652-C03D-40B9-8F97-B82BF45E882E}.Release|Any CPU.Build.0 = Release|Any CPU
	EndGlobalSection
EndGlobal
